
Microsoft Visual Studio Solution File, Format Version 12.00
Project("{FAE04EC0-301F-11D3-BF4B-00C04F79EFBC}") = "String", "String\String.csproj", "{259A5CD7-8FD1-4987-AF14-8E662C0446DD}"
EndProject
Global
	GlobalSection(SolutionConfigurationPlatforms) = preSolution
		Debug|Any CPU = Debug|Any CPU
		Release|Any CPU = Release|Any CPU
	EndGlobalSection
	GlobalSection(ProjectConfigurationPlatforms) = postSolution
		{259A5CD7-8FD1-4987-AF14-8E662C0446DD}.Debug|Any CPU.ActiveCfg = Debug|Any CPU
		{259A5CD7-8FD1-4987-AF14-8E662C0446DD}.Debug|Any CPU.Build.0 = Debug|Any CPU
		{259A5CD7-8FD1-4987-AF14-8E662C0446DD}.Release|Any CPU.ActiveCfg = Release|Any CPU
		{259A5CD7-8FD1-4987-AF14-8E662C0446DD}.Release|Any CPU.Build.0 = Release|Any CPU
	EndGlobalSection
EndGlobal
